// !$*UTF8*$!
{
	archiveVersion = 1;
	classes = {
	};
	objectVersion = 55;
	objects = {

/* Begin PBXBuildFile section */
		88E5C17827DF716700FB6BCC /* WidgetDemoApp.swift in Sources */ = {isa = PBXBuildFile; fileRef = 88E5C16827DF716400FB6BCC /* WidgetDemoApp.swift */; };
		88E5C17927DF716700FB6BCC /* WidgetDemoApp.swift in Sources */ = {isa = PBXBuildFile; fileRef = 88E5C16827DF716400FB6BCC /* WidgetDemoApp.swift */; };
		88E5C17A27DF716700FB6BCC /* ContentView.swift in Sources */ = {isa = PBXBuildFile; fileRef = 88E5C16927DF716400FB6BCC /* ContentView.swift */; };
		88E5C17B27DF716700FB6BCC /* ContentView.swift in Sources */ = {isa = PBXBuildFile; fileRef = 88E5C16927DF716400FB6BCC /* ContentView.swift */; };
		88E5C17C27DF716700FB6BCC /* Assets.xcassets in Resources */ = {isa = PBXBuildFile; fileRef = 88E5C16A27DF716600FB6BCC /* Assets.xcassets */; };
		88E5C17D27DF716700FB6BCC /* Assets.xcassets in Resources */ = {isa = PBXBuildFile; fileRef = 88E5C16A27DF716600FB6BCC /* Assets.xcassets */; };
		88E5C18727DF718A00FB6BCC /* WeatherDetailView.swift in Sources */ = {isa = PBXBuildFile; fileRef = 88E5C18627DF718A00FB6BCC /* WeatherDetailView.swift */; };
		88E5C18827DF718A00FB6BCC /* WeatherDetailView.swift in Sources */ = {isa = PBXBuildFile; fileRef = 88E5C18627DF718A00FB6BCC /* WeatherDetailView.swift */; };
		88E5C19027DF730000FB6BCC /* WidgetKit.framework in Frameworks */ = {isa = PBXBuildFile; fileRef = 88E5C18F27DF730000FB6BCC /* WidgetKit.framework */; platformFilter = maccatalyst; };
		88E5C19227DF730000FB6BCC /* SwiftUI.framework in Frameworks */ = {isa = PBXBuildFile; fileRef = 88E5C19127DF730000FB6BCC /* SwiftUI.framework */; platformFilter = maccatalyst; };
		88E5C19527DF730000FB6BCC /* WeatherWidget.swift in Sources */ = {isa = PBXBuildFile; fileRef = 88E5C19427DF730000FB6BCC /* WeatherWidget.swift */; };
		88E5C19827DF730200FB6BCC /* Assets.xcassets in Resources */ = {isa = PBXBuildFile; fileRef = 88E5C19727DF730200FB6BCC /* Assets.xcassets */; };
		88E5C19A27DF730200FB6BCC /* WeatherWidget.intentdefinition in Sources */ = {isa = PBXBuildFile; fileRef = 88E5C19627DF730000FB6BCC /* WeatherWidget.intentdefinition */; };
		88E5C19B27DF730200FB6BCC /* WeatherWidget.intentdefinition in Sources */ = {isa = PBXBuildFile; fileRef = 88E5C19627DF730000FB6BCC /* WeatherWidget.intentdefinition */; };
		88E5C19E27DF730200FB6BCC /* WeatherWidgetExtension.appex in Embed App Extensions */ = {isa = PBXBuildFile; fileRef = 88E5C18D27DF730000FB6BCC /* WeatherWidgetExtension.appex */; settings = {ATTRIBUTES = (RemoveHeadersOnCopy, ); }; };
		88E5C1A427DF742800FB6BCC /* WeatherData.swift in Sources */ = {isa = PBXBuildFile; fileRef = 88E5C1A327DF742800FB6BCC /* WeatherData.swift */; };
		88E5C1A527DF742800FB6BCC /* WeatherData.swift in Sources */ = {isa = PBXBuildFile; fileRef = 88E5C1A327DF742800FB6BCC /* WeatherData.swift */; };
		88E5C1A627DF742800FB6BCC /* WeatherData.swift in Sources */ = {isa = PBXBuildFile; fileRef = 88E5C1A327DF742800FB6BCC /* WeatherData.swift */; };
/* End PBXBuildFile section */

/* Begin PBXContainerItemProxy section */
		88E5C19C27DF730200FB6BCC /* PBXContainerItemProxy */ = {
			isa = PBXContainerItemProxy;
			containerPortal = 88E5C16327DF716400FB6BCC /* Project object */;
			proxyType = 1;
			remoteGlobalIDString = 88E5C18C27DF730000FB6BCC;
			remoteInfo = WeatherWidgetExtension;
		};
/* End PBXContainerItemProxy section */

/* Begin PBXCopyFilesBuildPhase section */
		88E5C1A227DF730200FB6BCC /* Embed App Extensions */ = {
			isa = PBXCopyFilesBuildPhase;
			buildActionMask = 2147483647;
			dstPath = "";
			dstSubfolderSpec = 13;
			files = (
				88E5C19E27DF730200FB6BCC /* WeatherWidgetExtension.appex in Embed App Extensions */,
			);
			name = "Embed App Extensions";
			runOnlyForDeploymentPostprocessing = 0;
		};
/* End PBXCopyFilesBuildPhase section */

/* Begin PBXFileReference section */
		88E5C16827DF716400FB6BCC /* WidgetDemoApp.swift */ = {isa = PBXFileReference; lastKnownFileType = sourcecode.swift; path = WidgetDemoApp.swift; sourceTree = "<group>"; };
		88E5C16927DF716400FB6BCC /* ContentView.swift */ = {isa = PBXFileReference; lastKnownFileType = sourcecode.swift; path = ContentView.swift; sourceTree = "<group>"; };
		88E5C16A27DF716600FB6BCC /* Assets.xcassets */ = {isa = PBXFileReference; lastKnownFileType = folder.assetcatalog; path = Assets.xcassets; sourceTree = "<group>"; };
		88E5C16F27DF716600FB6BCC /* WidgetDemo.app */ = {isa = PBXFileReference; explicitFileType = wrapper.application; includeInIndex = 0; path = WidgetDemo.app; sourceTree = BUILT_PRODUCTS_DIR; };
		88E5C17527DF716600FB6BCC /* WidgetDemo.app */ = {isa = PBXFileReference; explicitFileType = wrapper.application; includeInIndex = 0; path = WidgetDemo.app; sourceTree = BUILT_PRODUCTS_DIR; };
		88E5C17727DF716700FB6BCC /* macOS.entitlements */ = {isa = PBXFileReference; lastKnownFileType = text.plist.entitlements; path = macOS.entitlements; sourceTree = "<group>"; };
		88E5C18627DF718A00FB6BCC /* WeatherDetailView.swift */ = {isa = PBXFileReference; lastKnownFileType = sourcecode.swift; path = WeatherDetailView.swift; sourceTree = "<group>"; };
		88E5C18D27DF730000FB6BCC /* WeatherWidgetExtension.appex */ = {isa = PBXFileReference; explicitFileType = "wrapper.app-extension"; includeInIndex = 0; path = WeatherWidgetExtension.appex; sourceTree = BUILT_PRODUCTS_DIR; };
		88E5C18F27DF730000FB6BCC /* WidgetKit.framework */ = {isa = PBXFileReference; lastKnownFileType = wrapper.framework; name = WidgetKit.framework; path = System/Library/Frameworks/WidgetKit.framework; sourceTree = SDKROOT; };
		88E5C19127DF730000FB6BCC /* SwiftUI.framework */ = {isa = PBXFileReference; lastKnownFileType = wrapper.framework; name = SwiftUI.framework; path = System/Library/Frameworks/SwiftUI.framework; sourceTree = SDKROOT; };
		88E5C19427DF730000FB6BCC /* WeatherWidget.swift */ = {isa = PBXFileReference; lastKnownFileType = sourcecode.swift; path = WeatherWidget.swift; sourceTree = "<group>"; };
		88E5C19627DF730000FB6BCC /* WeatherWidget.intentdefinition */ = {isa = PBXFileReference; lastKnownFileType = file.intentdefinition; path = WeatherWidget.intentdefinition; sourceTree = "<group>"; };
		88E5C19727DF730200FB6BCC /* Assets.xcassets */ = {isa = PBXFileReference; lastKnownFileType = folder.assetcatalog; path = Assets.xcassets; sourceTree = "<group>"; };
		88E5C19927DF730200FB6BCC /* Info.plist */ = {isa = PBXFileReference; lastKnownFileType = text.plist.xml; path = Info.plist; sourceTree = "<group>"; };
		88E5C1A327DF742800FB6BCC /* WeatherData.swift */ = {isa = PBXFileReference; lastKnownFileType = sourcecode.swift; path = WeatherData.swift; sourceTree = "<group>"; };
/* End PBXFileReference section */

/* Begin PBXFrameworksBuildPhase section */
		88E5C16C27DF716600FB6BCC /* Frameworks */ = {
			isa = PBXFrameworksBuildPhase;
			buildActionMask = 2147483647;
			files = (
			);
			runOnlyForDeploymentPostprocessing = 0;
		};
		88E5C17227DF716600FB6BCC /* Frameworks */ = {
			isa = PBXFrameworksBuildPhase;
			buildActionMask = 2147483647;
			files = (
			);
			runOnlyForDeploymentPostprocessing = 0;
		};
		88E5C18A27DF730000FB6BCC /* Frameworks */ = {
			isa = PBXFrameworksBuildPhase;
			buildActionMask = 2147483647;
			files = (
				88E5C19227DF730000FB6BCC /* SwiftUI.framework in Frameworks */,
				88E5C19027DF730000FB6BCC /* WidgetKit.framework in Frameworks */,
			);
			runOnlyForDeploymentPostprocessing = 0;
		};
/* End PBXFrameworksBuildPhase section */

/* Begin PBXGroup section */
		88E5C16227DF716400FB6BCC = {
			isa = PBXGroup;
			children = (
				88E5C16727DF716400FB6BCC /* Shared */,
				88E5C17627DF716600FB6BCC /* macOS */,
				88E5C19327DF730000FB6BCC /* WeatherWidget */,
				88E5C18E27DF730000FB6BCC /* Frameworks */,
				88E5C17027DF716600FB6BCC /* Products */,
			);
			sourceTree = "<group>";
		};
		88E5C16727DF716400FB6BCC /* Shared */ = {
			isa = PBXGroup;
			children = (
				88E5C16827DF716400FB6BCC /* WidgetDemoApp.swift */,
				88E5C16927DF716400FB6BCC /* ContentView.swift */,
				88E5C16A27DF716600FB6BCC /* Assets.xcassets */,
				88E5C18627DF718A00FB6BCC /* WeatherDetailView.swift */,
				88E5C1A327DF742800FB6BCC /* WeatherData.swift */,
			);
			path = Shared;
			sourceTree = "<group>";
		};
		88E5C17027DF716600FB6BCC /* Products */ = {
			isa = PBXGroup;
			children = (
				88E5C16F27DF716600FB6BCC /* WidgetDemo.app */,
				88E5C17527DF716600FB6BCC /* WidgetDemo.app */,
				88E5C18D27DF730000FB6BCC /* WeatherWidgetExtension.appex */,
			);
			name = Products;
			sourceTree = "<group>";
		};
		88E5C17627DF716600FB6BCC /* macOS */ = {
			isa = PBXGroup;
			children = (
				88E5C17727DF716700FB6BCC /* macOS.entitlements */,
			);
			path = macOS;
			sourceTree = "<group>";
		};
		88E5C18E27DF730000FB6BCC /* Frameworks */ = {
			isa = PBXGroup;
			children = (
				88E5C18F27DF730000FB6BCC /* WidgetKit.framework */,
				88E5C19127DF730000FB6BCC /* SwiftUI.framework */,
			);
			name = Frameworks;
			sourceTree = "<group>";
		};
		88E5C19327DF730000FB6BCC /* WeatherWidget */ = {
			isa = PBXGroup;
			children = (
				88E5C19427DF730000FB6BCC /* WeatherWidget.swift */,
				88E5C19627DF730000FB6BCC /* WeatherWidget.intentdefinition */,
				88E5C19727DF730200FB6BCC /* Assets.xcassets */,
				88E5C19927DF730200FB6BCC /* Info.plist */,
			);
			path = WeatherWidget;
			sourceTree = "<group>";
		};
/* End PBXGroup section */

/* Begin PBXNativeTarget section */
		88E5C16E27DF716600FB6BCC /* WidgetDemo (iOS) */ = {
			isa = PBXNativeTarget;
			buildConfigurationList = 88E5C18027DF716700FB6BCC /* Build configuration list for PBXNativeTarget "WidgetDemo (iOS)" */;
			buildPhases = (
				88E5C16B27DF716600FB6BCC /* Sources */,
				88E5C16C27DF716600FB6BCC /* Frameworks */,
				88E5C16D27DF716600FB6BCC /* Resources */,
				88E5C1A227DF730200FB6BCC /* Embed App Extensions */,
			);
			buildRules = (
			);
			dependencies = (
				88E5C19D27DF730200FB6BCC /* PBXTargetDependency */,
			);
			name = "WidgetDemo (iOS)";
			productName = "WidgetDemo (iOS)";
			productReference = 88E5C16F27DF716600FB6BCC /* WidgetDemo.app */;
			productType = "com.apple.product-type.application";
		};
		88E5C17427DF716600FB6BCC /* WidgetDemo (macOS) */ = {
			isa = PBXNativeTarget;
			buildConfigurationList = 88E5C18327DF716700FB6BCC /* Build configuration list for PBXNativeTarget "WidgetDemo (macOS)" */;
			buildPhases = (
				88E5C17127DF716600FB6BCC /* Sources */,
				88E5C17227DF716600FB6BCC /* Frameworks */,
				88E5C17327DF716600FB6BCC /* Resources */,
			);
			buildRules = (
			);
			dependencies = (
			);
			name = "WidgetDemo (macOS)";
			productName = "WidgetDemo (macOS)";
			productReference = 88E5C17527DF716600FB6BCC /* WidgetDemo.app */;
			productType = "com.apple.product-type.application";
		};
		88E5C18C27DF730000FB6BCC /* WeatherWidgetExtension */ = {
			isa = PBXNativeTarget;
			buildConfigurationList = 88E5C19F27DF730200FB6BCC /* Build configuration list for PBXNativeTarget "WeatherWidgetExtension" */;
			buildPhases = (
				88E5C18927DF730000FB6BCC /* Sources */,
				88E5C18A27DF730000FB6BCC /* Frameworks */,
				88E5C18B27DF730000FB6BCC /* Resources */,
			);
			buildRules = (
			);
			dependencies = (
			);
			name = WeatherWidgetExtension;
			productName = WeatherWidgetExtension;
			productReference = 88E5C18D27DF730000FB6BCC /* WeatherWidgetExtension.appex */;
			productType = "com.apple.product-type.app-extension";
		};
/* End PBXNativeTarget section */

/* Begin PBXProject section */
		88E5C16327DF716400FB6BCC /* Project object */ = {
			isa = PBXProject;
			attributes = {
				BuildIndependentTargetsInParallel = 1;
				LastSwiftUpdateCheck = 1320;
				LastUpgradeCheck = 1320;
				TargetAttributes = {
					88E5C16E27DF716600FB6BCC = {
						CreatedOnToolsVersion = 13.2.1;
					};
					88E5C17427DF716600FB6BCC = {
						CreatedOnToolsVersion = 13.2.1;
					};
					88E5C18C27DF730000FB6BCC = {
						CreatedOnToolsVersion = 13.2.1;
					};
				};
			};
			buildConfigurationList = 88E5C16627DF716400FB6BCC /* Build configuration list for PBXProject "WidgetDemo" */;
			compatibilityVersion = "Xcode 13.0";
			developmentRegion = en;
			hasScannedForEncodings = 0;
			knownRegions = (
				en,
				Base,
			);
			mainGroup = 88E5C16227DF716400FB6BCC;
			productRefGroup = 88E5C17027DF716600FB6BCC /* Products */;
			projectDirPath = "";
			projectRoot = "";
			targets = (
				88E5C16E27DF716600FB6BCC /* WidgetDemo (iOS) */,
				88E5C17427DF716600FB6BCC /* WidgetDemo (macOS) */,
				88E5C18C27DF730000FB6BCC /* WeatherWidgetExtension */,
			);
		};
/* End PBXProject section */

/* Begin PBXResourcesBuildPhase section */
		88E5C16D27DF716600FB6BCC /* Resources */ = {
			isa = PBXResourcesBuildPhase;
			buildActionMask = 2147483647;
			files = (
				88E5C17C27DF716700FB6BCC /* Assets.xcassets in Resources */,
			);
			runOnlyForDeploymentPostprocessing = 0;
		};
		88E5C17327DF716600FB6BCC /* Resources */ = {
			isa = PBXResourcesBuildPhase;
			buildActionMask = 2147483647;
			files = (
				88E5C17D27DF716700FB6BCC /* Assets.xcassets in Resources */,
			);
			runOnlyForDeploymentPostprocessing = 0;
		};
		88E5C18B27DF730000FB6BCC /* Resources */ = {
			isa = PBXResourcesBuildPhase;
			buildActionMask = 2147483647;
			files = (
				88E5C19827DF730200FB6BCC /* Assets.xcassets in Resources */,
			);
			runOnlyForDeploymentPostprocessing = 0;
		};
/* End PBXResourcesBuildPhase section */

/* Begin PBXSourcesBuildPhase section */
		88E5C16B27DF716600FB6BCC /* Sources */ = {
			isa = PBXSourcesBuildPhase;
			buildActionMask = 2147483647;
			files = (
				88E5C18727DF718A00FB6BCC /* WeatherDetailView.swift in Sources */,
				88E5C1A427DF742800FB6BCC /* WeatherData.swift in Sources */,
				88E5C17A27DF716700FB6BCC /* ContentView.swift in Sources */,
				88E5C17827DF716700FB6BCC /* WidgetDemoApp.swift in Sources */,
				88E5C19B27DF730200FB6BCC /* WeatherWidget.intentdefinition in Sources */,
			);
			runOnlyForDeploymentPostprocessing = 0;
		};
		88E5C17127DF716600FB6BCC /* Sources */ = {
			isa = PBXSourcesBuildPhase;
			buildActionMask = 2147483647;
			files = (
				88E5C18827DF718A00FB6BCC /* WeatherDetailView.swift in Sources */,
				88E5C17B27DF716700FB6BCC /* ContentView.swift in Sources */,
				88E5C1A527DF742800FB6BCC /* WeatherData.swift in Sources */,
				88E5C17927DF716700FB6BCC /* WidgetDemoApp.swift in Sources */,
			);
			runOnlyForDeploymentPostprocessing = 0;
		};
		88E5C18927DF730000FB6BCC /* Sources */ = {
			isa = PBXSourcesBuildPhase;
			buildActionMask = 2147483647;
			files = (
				88E5C19527DF730000FB6BCC /* WeatherWidget.swift in Sources */,
				88E5C1A627DF742800FB6BCC /* WeatherData.swift in Sources */,
				88E5C19A27DF730200FB6BCC /* WeatherWidget.intentdefinition in Sources */,
			);
			runOnlyForDeploymentPostprocessing = 0;
		};
/* End PBXSourcesBuildPhase section */

/* Begin PBXTargetDependency section */
		88E5C19D27DF730200FB6BCC /* PBXTargetDependency */ = {
			isa = PBXTargetDependency;
			target = 88E5C18C27DF730000FB6BCC /* WeatherWidgetExtension */;
			targetProxy = 88E5C19C27DF730200FB6BCC /* PBXContainerItemProxy */;
		};
/* End PBXTargetDependency section */

/* Begin XCBuildConfiguration section */
		88E5C17E27DF716700FB6BCC /* Debug */ = {
			isa = XCBuildConfiguration;
			buildSettings = {
				ALWAYS_SEARCH_USER_PATHS = NO;
				CLANG_ANALYZER_NONNULL = YES;
				CLANG_ANALYZER_NUMBER_OBJECT_CONVERSION = YES_AGGRESSIVE;
				CLANG_CXX_LANGUAGE_STANDARD = "gnu++17";
				CLANG_CXX_LIBRARY = "libc++";
				CLANG_ENABLE_MODULES = YES;
				CLANG_ENABLE_OBJC_ARC = YES;
				CLANG_ENABLE_OBJC_WEAK = YES;
				CLANG_WARN_BLOCK_CAPTURE_AUTORELEASING = YES;
				CLANG_WARN_BOOL_CONVERSION = YES;
				CLANG_WARN_COMMA = YES;
				CLANG_WARN_CONSTANT_CONVERSION = YES;
				CLANG_WARN_DEPRECATED_OBJC_IMPLEMENTATIONS = YES;
				CLANG_WARN_DIRECT_OBJC_ISA_USAGE = YES_ERROR;
				CLANG_WARN_DOCUMENTATION_COMMENTS = YES;
				CLANG_WARN_EMPTY_BODY = YES;
				CLANG_WARN_ENUM_CONVERSION = YES;
				CLANG_WARN_INFINITE_RECURSION = YES;
				CLANG_WARN_INT_CONVERSION = YES;
				CLANG_WARN_NON_LITERAL_NULL_CONVERSION = YES;
				CLANG_WARN_OBJC_IMPLICIT_RETAIN_SELF = YES;
				CLANG_WARN_OBJC_LITERAL_CONVERSION = YES;
				CLANG_WARN_OBJC_ROOT_CLASS = YES_ERROR;
				CLANG_WARN_QUOTED_INCLUDE_IN_FRAMEWORK_HEADER = YES;
				CLANG_WARN_RANGE_LOOP_ANALYSIS = YES;
				CLANG_WARN_STRICT_PROTOTYPES = YES;
				CLANG_WARN_SUSPICIOUS_MOVE = YES;
				CLANG_WARN_UNGUARDED_AVAILABILITY = YES_AGGRESSIVE;
				CLANG_WARN_UNREACHABLE_CODE = YES;
				CLANG_WARN__DUPLICATE_METHOD_MATCH = YES;
				COPY_PHASE_STRIP = NO;
				DEBUG_INFORMATION_FORMAT = dwarf;
				ENABLE_STRICT_OBJC_MSGSEND = YES;
				ENABLE_TESTABILITY = YES;
				GCC_C_LANGUAGE_STANDARD = gnu11;
				GCC_DYNAMIC_NO_PIC = NO;
				GCC_NO_COMMON_BLOCKS = YES;
				GCC_OPTIMIZATION_LEVEL = 0;
				GCC_PREPROCESSOR_DEFINITIONS = (
					"DEBUG=1",
					"$(inherited)",
				);
				GCC_WARN_64_TO_32_BIT_CONVERSION = YES;
				GCC_WARN_ABOUT_RETURN_TYPE = YES_ERROR;
				GCC_WARN_UNDECLARED_SELECTOR = YES;
				GCC_WARN_UNINITIALIZED_AUTOS = YES_AGGRESSIVE;
				GCC_WARN_UNUSED_FUNCTION = YES;
				GCC_WARN_UNUSED_VARIABLE = YES;
				MTL_ENABLE_DEBUG_INFO = INCLUDE_SOURCE;
				MTL_FAST_MATH = YES;
				ONLY_ACTIVE_ARCH = YES;
				SWIFT_ACTIVE_COMPILATION_CONDITIONS = DEBUG;
				SWIFT_OPTIMIZATION_LEVEL = "-Onone";
			};
			name = Debug;
		};
		88E5C17F27DF716700FB6BCC /* Release */ = {
			isa = XCBuildConfiguration;
			buildSettings = {
				ALWAYS_SEARCH_USER_PATHS = NO;
				CLANG_ANALYZER_NONNULL = YES;
				CLANG_ANALYZER_NUMBER_OBJECT_CONVERSION = YES_AGGRESSIVE;
				CLANG_CXX_LANGUAGE_STANDARD = "gnu++17";
				CLANG_CXX_LIBRARY = "libc++";
				CLANG_ENABLE_MODULES = YES;
				CLANG_ENABLE_OBJC_ARC = YES;
				CLANG_ENABLE_OBJC_WEAK = YES;
				CLANG_WARN_BLOCK_CAPTURE_AUTORELEASING = YES;
				CLANG_WARN_BOOL_CONVERSION = YES;
				CLANG_WARN_COMMA = YES;
				CLANG_WARN_CONSTANT_CONVERSION = YES;
				CLANG_WARN_DEPRECATED_OBJC_IMPLEMENTATIONS = YES;
				CLANG_WARN_DIRECT_OBJC_ISA_USAGE = YES_ERROR;
				CLANG_WARN_DOCUMENTATION_COMMENTS = YES;
				CLANG_WARN_EMPTY_BODY = YES;
				CLANG_WARN_ENUM_CONVERSION = YES;
				CLANG_WARN_INFINITE_RECURSION = YES;
				CLANG_WARN_INT_CONVERSION = YES;
				CLANG_WARN_NON_LITERAL_NULL_CONVERSION = YES;
				CLANG_WARN_OBJC_IMPLICIT_RETAIN_SELF = YES;
				CLANG_WARN_OBJC_LITERAL_CONVERSION = YES;
				CLANG_WARN_OBJC_ROOT_CLASS = YES_ERROR;
				CLANG_WARN_QUOTED_INCLUDE_IN_FRAMEWORK_HEADER = YES;
				CLANG_WARN_RANGE_LOOP_ANALYSIS = YES;
				CLANG_WARN_STRICT_PROTOTYPES = YES;
				CLANG_WARN_SUSPICIOUS_MOVE = YES;
				CLANG_WARN_UNGUARDED_AVAILABILITY = YES_AGGRESSIVE;
				CLANG_WARN_UNREACHABLE_CODE = YES;
				CLANG_WARN__DUPLICATE_METHOD_MATCH = YES;
				COPY_PHASE_STRIP = NO;
				DEBUG_INFORMATION_FORMAT = "dwarf-with-dsym";
				ENABLE_NS_ASSERTIONS = NO;
				ENABLE_STRICT_OBJC_MSGSEND = YES;
				GCC_C_LANGUAGE_STANDARD = gnu11;
				GCC_NO_COMMON_BLOCKS = YES;
				GCC_WARN_64_TO_32_BIT_CONVERSION = YES;
				GCC_WARN_ABOUT_RETURN_TYPE = YES_ERROR;
				GCC_WARN_UNDECLARED_SELECTOR = YES;
				GCC_WARN_UNINITIALIZED_AUTOS = YES_AGGRESSIVE;
				GCC_WARN_UNUSED_FUNCTION = YES;
				GCC_WARN_UNUSED_VARIABLE = YES;
				MTL_ENABLE_DEBUG_INFO = NO;
				MTL_FAST_MATH = YES;
				SWIFT_COMPILATION_MODE = wholemodule;
				SWIFT_OPTIMIZATION_LEVEL = "-O";
			};
			name = Release;
		};
		88E5C18127DF716700FB6BCC /* Debug */ = {
			isa = XCBuildConfiguration;
			buildSettings = {
				ALWAYS_EMBED_SWIFT_STANDARD_LIBRARIES = YES;
				ASSETCATALOG_COMPILER_APPICON_NAME = AppIcon;
				ASSETCATALOG_COMPILER_GLOBAL_ACCENT_COLOR_NAME = AccentColor;
				CODE_SIGN_STYLE = Automatic;
				CURRENT_PROJECT_VERSION = 1;
				DEVELOPMENT_TEAM = 2UTH99GSB7;
				ENABLE_PREVIEWS = YES;
				GENERATE_INFOPLIST_FILE = YES;
				INFOPLIST_KEY_UIApplicationSceneManifest_Generation = YES;
				INFOPLIST_KEY_UIApplicationSupportsIndirectInputEvents = YES;
				INFOPLIST_KEY_UILaunchScreen_Generation = YES;
				INFOPLIST_KEY_UISupportedInterfaceOrientations_iPad = "UIInterfaceOrientationPortrait UIInterfaceOrientationPortraitUpsideDown UIInterfaceOrientationLandscapeLeft UIInterfaceOrientationLandscapeRight";
				INFOPLIST_KEY_UISupportedInterfaceOrientations_iPhone = "UIInterfaceOrientationPortrait UIInterfaceOrientationLandscapeLeft UIInterfaceOrientationLandscapeRight";
				IPHONEOS_DEPLOYMENT_TARGET = 15.2;
				LD_RUNPATH_SEARCH_PATHS = (
					"$(inherited)",
					"@executable_path/Frameworks",
				);
				MARKETING_VERSION = 1.0;
				PRODUCT_BUNDLE_IDENTIFIER = com.ebookfrenzy.WidgetDemo;
				PRODUCT_NAME = WidgetDemo;
				SDKROOT = iphoneos;
				SWIFT_EMIT_LOC_STRINGS = YES;
				SWIFT_VERSION = 5.0;
				TARGETED_DEVICE_FAMILY = "1,2";
			};
			name = Debug;
		};
		88E5C18227DF716700FB6BCC /* Release */ = {
			isa = XCBuildConfiguration;
			buildSettings = {
				ALWAYS_EMBED_SWIFT_STANDARD_LIBRARIES = YES;
				ASSETCATALOG_COMPILER_APPICON_NAME = AppIcon;
				ASSETCATALOG_COMPILER_GLOBAL_ACCENT_COLOR_NAME = AccentColor;
				CODE_SIGN_STYLE = Automatic;
				CURRENT_PROJECT_VERSION = 1;
				DEVELOPMENT_TEAM = 2UTH99GSB7;
				ENABLE_PREVIEWS = YES;
				GENERATE_INFOPLIST_FILE = YES;
				INFOPLIST_KEY_UIApplicationSceneManifest_Generation = YES;
				INFOPLIST_KEY_UIApplicationSupportsIndirectInputEvents = YES;
				INFOPLIST_KEY_UILaunchScreen_Generation = YES;
				INFOPLIST_KEY_UISupportedInterfaceOrientations_iPad = "UIInterfaceOrientationPortrait UIInterfaceOrientationPortraitUpsideDown UIInterfaceOrientationLandscapeLeft UIInterfaceOrientationLandscapeRight";
				INFOPLIST_KEY_UISupportedInterfaceOrientations_iPhone = "UIInterfaceOrientationPortrait UIInterfaceOrientationLandscapeLeft UIInterfaceOrientationLandscapeRight";
				IPHONEOS_DEPLOYMENT_TARGET = 15.2;
				LD_RUNPATH_SEARCH_PATHS = (
					"$(inherited)",
					"@executable_path/Frameworks",
				);
				MARKETING_VERSION = 1.0;
				PRODUCT_BUNDLE_IDENTIFIER = com.ebookfrenzy.WidgetDemo;
				PRODUCT_NAME = WidgetDemo;
				SDKROOT = iphoneos;
				SWIFT_EMIT_LOC_STRINGS = YES;
				SWIFT_VERSION = 5.0;
				TARGETED_DEVICE_FAMILY = "1,2";
				VALIDATE_PRODUCT = YES;
			};
			name = Release;
		};
		88E5C18427DF716700FB6BCC /* Debug */ = {
			isa = XCBuildConfiguration;
			buildSettings = {
				ASSETCATALOG_COMPILER_APPICON_NAME = AppIcon;
				ASSETCATALOG_COMPILER_GLOBAL_ACCENT_COLOR_NAME = AccentColor;
				CODE_SIGN_ENTITLEMENTS = macOS/macOS.entitlements;
				CODE_SIGN_STYLE = Automatic;
				COMBINE_HIDPI_IMAGES = YES;
				CURRENT_PROJECT_VERSION = 1;
				DEVELOPMENT_TEAM = 2UTH99GSB7;
				ENABLE_HARDENED_RUNTIME = YES;
				ENABLE_PREVIEWS = YES;
				GENERATE_INFOPLIST_FILE = YES;
				INFOPLIST_KEY_NSHumanReadableCopyright = "";
				LD_RUNPATH_SEARCH_PATHS = (
					"$(inherited)",
					"@executable_path/../Frameworks",
				);
				MACOSX_DEPLOYMENT_TARGET = 12.1;
				MARKETING_VERSION = 1.0;
				PRODUCT_BUNDLE_IDENTIFIER = com.ebookfrenzy.WidgetDemo;
				PRODUCT_NAME = WidgetDemo;
				SDKROOT = macosx;
				SWIFT_EMIT_LOC_STRINGS = YES;
				SWIFT_VERSION = 5.0;
			};
			name = Debug;
		};
		88E5C18527DF716700FB6BCC /* Release */ = {
			isa = XCBuildConfiguration;
			buildSettings = {
				ASSETCATALOG_COMPILER_APPICON_NAME = AppIcon;
				ASSETCATALOG_COMPILER_GLOBAL_ACCENT_COLOR_NAME = AccentColor;
				CODE_SIGN_ENTITLEMENTS = macOS/macOS.entitlements;
				CODE_SIGN_STYLE = Automatic;
				COMBINE_HIDPI_IMAGES = YES;
				CURRENT_PROJECT_VERSION = 1;
				DEVELOPMENT_TEAM = 2UTH99GSB7;
				ENABLE_HARDENED_RUNTIME = YES;
				ENABLE_PREVIEWS = YES;
				GENERATE_INFOPLIST_FILE = YES;
				INFOPLIST_KEY_NSHumanReadableCopyright = "";
				LD_RUNPATH_SEARCH_PATHS = (
					"$(inherited)",
					"@executable_path/../Frameworks",
				);
				MACOSX_DEPLOYMENT_TARGET = 12.1;
				MARKETING_VERSION = 1.0;
				PRODUCT_BUNDLE_IDENTIFIER = com.ebookfrenzy.WidgetDemo;
				PRODUCT_NAME = WidgetDemo;
				SDKROOT = macosx;
				SWIFT_EMIT_LOC_STRINGS = YES;
				SWIFT_VERSION = 5.0;
			};
			name = Release;
		};
		88E5C1A027DF730200FB6BCC /* Debug */ = {
			isa = XCBuildConfiguration;
			buildSettings = {
				ASSETCATALOG_COMPILER_GLOBAL_ACCENT_COLOR_NAME = AccentColor;
				ASSETCATALOG_COMPILER_WIDGET_BACKGROUND_COLOR_NAME = WidgetBackground;
				CODE_SIGN_STYLE = Automatic;
				CURRENT_PROJECT_VERSION = 1;
				DEVELOPMENT_TEAM = 2UTH99GSB7;
				GENERATE_INFOPLIST_FILE = YES;
				INFOPLIST_FILE = WeatherWidget/Info.plist;
				INFOPLIST_KEY_CFBundleDisplayName = WeatherWidget;
				INFOPLIST_KEY_NSHumanReadableCopyright = "";
				IPHONEOS_DEPLOYMENT_TARGET = 15.2;
				LD_RUNPATH_SEARCH_PATHS = (
					"$(inherited)",
					"@executable_path/Frameworks",
					"@executable_path/../../Frameworks",
				);
				MARKETING_VERSION = 1.0;
				PRODUCT_BUNDLE_IDENTIFIER = com.ebookfrenzy.WidgetDemo.WeatherWidget;
				PRODUCT_NAME = "$(TARGET_NAME)";
				SDKROOT = iphoneos;
				SKIP_INSTALL = YES;
				SWIFT_EMIT_LOC_STRINGS = YES;
				SWIFT_VERSION = 5.0;
				TARGETED_DEVICE_FAMILY = "1,2";
			};
			name = Debug;
		};
		88E5C1A127DF730200FB6BCC /* Release */ = {
			isa = XCBuildConfiguration;
			buildSettings = {
				ASSETCATALOG_COMPILER_GLOBAL_ACCENT_COLOR_NAME = AccentColor;
				ASSETCATALOG_COMPILER_WIDGET_BACKGROUND_COLOR_NAME = WidgetBackground;
				CODE_SIGN_STYLE = Automatic;
				CURRENT_PROJECT_VERSION = 1;
				DEVELOPMENT_TEAM = 2UTH99GSB7;
				GENERATE_INFOPLIST_FILE = YES;
				INFOPLIST_FILE = WeatherWidget/Info.plist;
				INFOPLIST_KEY_CFBundleDisplayName = WeatherWidget;
				INFOPLIST_KEY_NSHumanReadableCopyright = "";
				IPHONEOS_DEPLOYMENT_TARGET = 15.2;
				LD_RUNPATH_SEARCH_PATHS = (
					"$(inherited)",
					"@executable_path/Frameworks",
					"@executable_path/../../Frameworks",
				);
				MARKETING_VERSION = 1.0;
				PRODUCT_BUNDLE_IDENTIFIER = com.ebookfrenzy.WidgetDemo.WeatherWidget;
				PRODUCT_NAME = "$(TARGET_NAME)";
				SDKROOT = iphoneos;
				SKIP_INSTALL = YES;
				SWIFT_EMIT_LOC_STRINGS = YES;
				SWIFT_VERSION = 5.0;
				TARGETED_DEVICE_FAMILY = "1,2";
				VALIDATE_PRODUCT = YES;
			};
			name = Release;
		};
/* End XCBuildConfiguration section */

/* Begin XCConfigurationList section */
		88E5C16627DF716400FB6BCC /* Build configuration list for PBXProject "WidgetDemo" */ = {
			isa = XCConfigurationList;
			buildConfigurations = (
				88E5C17E27DF716700FB6BCC /* Debug */,
				88E5C17F27DF716700FB6BCC /* Release */,
			);
			defaultConfigurationIsVisible = 0;
			defaultConfigurationName = Release;
		};
		88E5C18027DF716700FB6BCC /* Build configuration list for PBXNativeTarget "WidgetDemo (iOS)" */ = {
			isa = XCConfigurationList;
			buildConfigurations = (
				88E5C18127DF716700FB6BCC /* Debug */,
				88E5C18227DF716700FB6BCC /* Release */,
			);
			defaultConfigurationIsVisible = 0;
			defaultConfigurationName = Release;
		};
		88E5C18327DF716700FB6BCC /* Build configuration list for PBXNativeTarget "WidgetDemo (macOS)" */ = {
			isa = XCConfigurationList;
			buildConfigurations = (
				88E5C18427DF716700FB6BCC /* Debug */,
				88E5C18527DF716700FB6BCC /* Release */,
			);
			defaultConfigurationIsVisible = 0;
			defaultConfigurationName = Release;
		};
		88E5C19F27DF730200FB6BCC /* Build configuration list for PBXNativeTarget "WeatherWidgetExtension" */ = {
			isa = XCConfigurationList;
			buildConfigurations = (
				88E5C1A027DF730200FB6BCC /* Debug */,
				88E5C1A127DF730200FB6BCC /* Release */,
			);
			defaultConfigurationIsVisible = 0;
			defaultConfigurationName = Release;
		};
/* End XCConfigurationList section */
	};
	rootObject = 88E5C16327DF716400FB6BCC /* Project object */;
}
