// !$*UTF8*$!
{
	archiveVersion = 1;
	classes = {
	};
	objectVersion = 55;
	objects = {

/* Begin PBXBuildFile section */
		88E5C04A27DCF3BB00FB6BCC /* ViewControllerDemoApp.swift in Sources */ = {isa = PBXBuildFile; fileRef = 88E5C03A27DCF3B900FB6BCC /* ViewControllerDemoApp.swift */; };
		88E5C04B27DCF3BB00FB6BCC /* ViewControllerDemoApp.swift in Sources */ = {isa = PBXBuildFile; fileRef = 88E5C03A27DCF3B900FB6BCC /* ViewControllerDemoApp.swift */; };
		88E5C04C27DCF3BB00FB6BCC /* ContentView.swift in Sources */ = {isa = PBXBuildFile; fileRef = 88E5C03B27DCF3B900FB6BCC /* ContentView.swift */; };
		88E5C04D27DCF3BB00FB6BCC /* ContentView.swift in Sources */ = {isa = PBXBuildFile; fileRef = 88E5C03B27DCF3B900FB6BCC /* ContentView.swift */; };
		88E5C04E27DCF3BB00FB6BCC /* Assets.xcassets in Resources */ = {isa = PBXBuildFile; fileRef = 88E5C03C27DCF3BB00FB6BCC /* Assets.xcassets */; };
		88E5C04F27DCF3BB00FB6BCC /* Assets.xcassets in Resources */ = {isa = PBXBuildFile; fileRef = 88E5C03C27DCF3BB00FB6BCC /* Assets.xcassets */; };
		88E5C05927DCF3DE00FB6BCC /* MyImagePicker.swift in Sources */ = {isa = PBXBuildFile; fileRef = 88E5C05827DCF3DE00FB6BCC /* MyImagePicker.swift */; };
		88E5C05A27DCF3DE00FB6BCC /* MyImagePicker.swift in Sources */ = {isa = PBXBuildFile; fileRef = 88E5C05827DCF3DE00FB6BCC /* MyImagePicker.swift */; };
/* End PBXBuildFile section */

/* Begin PBXFileReference section */
		88E5C03A27DCF3B900FB6BCC /* ViewControllerDemoApp.swift */ = {isa = PBXFileReference; lastKnownFileType = sourcecode.swift; path = ViewControllerDemoApp.swift; sourceTree = "<group>"; };
		88E5C03B27DCF3B900FB6BCC /* ContentView.swift */ = {isa = PBXFileReference; lastKnownFileType = sourcecode.swift; path = ContentView.swift; sourceTree = "<group>"; };
		88E5C03C27DCF3BB00FB6BCC /* Assets.xcassets */ = {isa = PBXFileReference; lastKnownFileType = folder.assetcatalog; path = Assets.xcassets; sourceTree = "<group>"; };
		88E5C04127DCF3BB00FB6BCC /* ViewControllerDemo.app */ = {isa = PBXFileReference; explicitFileType = wrapper.application; includeInIndex = 0; path = ViewControllerDemo.app; sourceTree = BUILT_PRODUCTS_DIR; };
		88E5C04727DCF3BB00FB6BCC /* ViewControllerDemo.app */ = {isa = PBXFileReference; explicitFileType = wrapper.application; includeInIndex = 0; path = ViewControllerDemo.app; sourceTree = BUILT_PRODUCTS_DIR; };
		88E5C04927DCF3BB00FB6BCC /* macOS.entitlements */ = {isa = PBXFileReference; lastKnownFileType = text.plist.entitlements; path = macOS.entitlements; sourceTree = "<group>"; };
		88E5C05827DCF3DE00FB6BCC /* MyImagePicker.swift */ = {isa = PBXFileReference; lastKnownFileType = sourcecode.swift; path = MyImagePicker.swift; sourceTree = "<group>"; };
/* End PBXFileReference section */

/* Begin PBXFrameworksBuildPhase section */
		88E5C03E27DCF3BB00FB6BCC /* Frameworks */ = {
			isa = PBXFrameworksBuildPhase;
			buildActionMask = 2147483647;
			files = (
			);
			runOnlyForDeploymentPostprocessing = 0;
		};
		88E5C04427DCF3BB00FB6BCC /* Frameworks */ = {
			isa = PBXFrameworksBuildPhase;
			buildActionMask = 2147483647;
			files = (
			);
			runOnlyForDeploymentPostprocessing = 0;
		};
/* End PBXFrameworksBuildPhase section */

/* Begin PBXGroup section */
		88E5C03427DCF3B900FB6BCC = {
			isa = PBXGroup;
			children = (
				88E5C03927DCF3B900FB6BCC /* Shared */,
				88E5C04827DCF3BB00FB6BCC /* macOS */,
				88E5C04227DCF3BB00FB6BCC /* Products */,
			);
			sourceTree = "<group>";
		};
		88E5C03927DCF3B900FB6BCC /* Shared */ = {
			isa = PBXGroup;
			children = (
				88E5C03A27DCF3B900FB6BCC /* ViewControllerDemoApp.swift */,
				88E5C03B27DCF3B900FB6BCC /* ContentView.swift */,
				88E5C03C27DCF3BB00FB6BCC /* Assets.xcassets */,
				88E5C05827DCF3DE00FB6BCC /* MyImagePicker.swift */,
			);
			path = Shared;
			sourceTree = "<group>";
		};
		88E5C04227DCF3BB00FB6BCC /* Products */ = {
			isa = PBXGroup;
			children = (
				88E5C04127DCF3BB00FB6BCC /* ViewControllerDemo.app */,
				88E5C04727DCF3BB00FB6BCC /* ViewControllerDemo.app */,
			);
			name = Products;
			sourceTree = "<group>";
		};
		88E5C04827DCF3BB00FB6BCC /* macOS */ = {
			isa = PBXGroup;
			children = (
				88E5C04927DCF3BB00FB6BCC /* macOS.entitlements */,
			);
			path = macOS;
			sourceTree = "<group>";
		};
/* End PBXGroup section */

/* Begin PBXNativeTarget section */
		88E5C04027DCF3BB00FB6BCC /* ViewControllerDemo (iOS) */ = {
			isa = PBXNativeTarget;
			buildConfigurationList = 88E5C05227DCF3BB00FB6BCC /* Build configuration list for PBXNativeTarget "ViewControllerDemo (iOS)" */;
			buildPhases = (
				88E5C03D27DCF3BB00FB6BCC /* Sources */,
				88E5C03E27DCF3BB00FB6BCC /* Frameworks */,
				88E5C03F27DCF3BB00FB6BCC /* Resources */,
			);
			buildRules = (
			);
			dependencies = (
			);
			name = "ViewControllerDemo (iOS)";
			productName = "ViewControllerDemo (iOS)";
			productReference = 88E5C04127DCF3BB00FB6BCC /* ViewControllerDemo.app */;
			productType = "com.apple.product-type.application";
		};
		88E5C04627DCF3BB00FB6BCC /* ViewControllerDemo (macOS) */ = {
			isa = PBXNativeTarget;
			buildConfigurationList = 88E5C05527DCF3BB00FB6BCC /* Build configuration list for PBXNativeTarget "ViewControllerDemo (macOS)" */;
			buildPhases = (
				88E5C04327DCF3BB00FB6BCC /* Sources */,
				88E5C04427DCF3BB00FB6BCC /* Frameworks */,
				88E5C04527DCF3BB00FB6BCC /* Resources */,
			);
			buildRules = (
			);
			dependencies = (
			);
			name = "ViewControllerDemo (macOS)";
			productName = "ViewControllerDemo (macOS)";
			productReference = 88E5C04727DCF3BB00FB6BCC /* ViewControllerDemo.app */;
			productType = "com.apple.product-type.application";
		};
/* End PBXNativeTarget section */

/* Begin PBXProject section */
		88E5C03527DCF3B900FB6BCC /* Project object */ = {
			isa = PBXProject;
			attributes = {
				BuildIndependentTargetsInParallel = 1;
				LastSwiftUpdateCheck = 1320;
				LastUpgradeCheck = 1320;
				TargetAttributes = {
					88E5C04027DCF3BB00FB6BCC = {
						CreatedOnToolsVersion = 13.2.1;
					};
					88E5C04627DCF3BB00FB6BCC = {
						CreatedOnToolsVersion = 13.2.1;
					};
				};
			};
			buildConfigurationList = 88E5C03827DCF3B900FB6BCC /* Build configuration list for PBXProject "ViewControllerDemo" */;
			compatibilityVersion = "Xcode 13.0";
			developmentRegion = en;
			hasScannedForEncodings = 0;
			knownRegions = (
				en,
				Base,
			);
			mainGroup = 88E5C03427DCF3B900FB6BCC;
			productRefGroup = 88E5C04227DCF3BB00FB6BCC /* Products */;
			projectDirPath = "";
			projectRoot = "";
			targets = (
				88E5C04027DCF3BB00FB6BCC /* ViewControllerDemo (iOS) */,
				88E5C04627DCF3BB00FB6BCC /* ViewControllerDemo (macOS) */,
			);
		};
/* End PBXProject section */

/* Begin PBXResourcesBuildPhase section */
		88E5C03F27DCF3BB00FB6BCC /* Resources */ = {
			isa = PBXResourcesBuildPhase;
			buildActionMask = 2147483647;
			files = (
				88E5C04E27DCF3BB00FB6BCC /* Assets.xcassets in Resources */,
			);
			runOnlyForDeploymentPostprocessing = 0;
		};
		88E5C04527DCF3BB00FB6BCC /* Resources */ = {
			isa = PBXResourcesBuildPhase;
			buildActionMask = 2147483647;
			files = (
				88E5C04F27DCF3BB00FB6BCC /* Assets.xcassets in Resources */,
			);
			runOnlyForDeploymentPostprocessing = 0;
		};
/* End PBXResourcesBuildPhase section */

/* Begin PBXSourcesBuildPhase section */
		88E5C03D27DCF3BB00FB6BCC /* Sources */ = {
			isa = PBXSourcesBuildPhase;
			buildActionMask = 2147483647;
			files = (
				88E5C05927DCF3DE00FB6BCC /* MyImagePicker.swift in Sources */,
				88E5C04C27DCF3BB00FB6BCC /* ContentView.swift in Sources */,
				88E5C04A27DCF3BB00FB6BCC /* ViewControllerDemoApp.swift in Sources */,
			);
			runOnlyForDeploymentPostprocessing = 0;
		};
		88E5C04327DCF3BB00FB6BCC /* Sources */ = {
			isa = PBXSourcesBuildPhase;
			buildActionMask = 2147483647;
			files = (
				88E5C05A27DCF3DE00FB6BCC /* MyImagePicker.swift in Sources */,
				88E5C04D27DCF3BB00FB6BCC /* ContentView.swift in Sources */,
				88E5C04B27DCF3BB00FB6BCC /* ViewControllerDemoApp.swift in Sources */,
			);
			runOnlyForDeploymentPostprocessing = 0;
		};
/* End PBXSourcesBuildPhase section */

/* Begin XCBuildConfiguration section */
		88E5C05027DCF3BB00FB6BCC /* Debug */ = {
			isa = XCBuildConfiguration;
			buildSettings = {
				ALWAYS_SEARCH_USER_PATHS = NO;
				CLANG_ANALYZER_NONNULL = YES;
				CLANG_ANALYZER_NUMBER_OBJECT_CONVERSION = YES_AGGRESSIVE;
				CLANG_CXX_LANGUAGE_STANDARD = "gnu++17";
				CLANG_CXX_LIBRARY = "libc++";
				CLANG_ENABLE_MODULES = YES;
				CLANG_ENABLE_OBJC_ARC = YES;
				CLANG_ENABLE_OBJC_WEAK = YES;
				CLANG_WARN_BLOCK_CAPTURE_AUTORELEASING = YES;
				CLANG_WARN_BOOL_CONVERSION = YES;
				CLANG_WARN_COMMA = YES;
				CLANG_WARN_CONSTANT_CONVERSION = YES;
				CLANG_WARN_DEPRECATED_OBJC_IMPLEMENTATIONS = YES;
				CLANG_WARN_DIRECT_OBJC_ISA_USAGE = YES_ERROR;
				CLANG_WARN_DOCUMENTATION_COMMENTS = YES;
				CLANG_WARN_EMPTY_BODY = YES;
				CLANG_WARN_ENUM_CONVERSION = YES;
				CLANG_WARN_INFINITE_RECURSION = YES;
				CLANG_WARN_INT_CONVERSION = YES;
				CLANG_WARN_NON_LITERAL_NULL_CONVERSION = YES;
				CLANG_WARN_OBJC_IMPLICIT_RETAIN_SELF = YES;
				CLANG_WARN_OBJC_LITERAL_CONVERSION = YES;
				CLANG_WARN_OBJC_ROOT_CLASS = YES_ERROR;
				CLANG_WARN_QUOTED_INCLUDE_IN_FRAMEWORK_HEADER = YES;
				CLANG_WARN_RANGE_LOOP_ANALYSIS = YES;
				CLANG_WARN_STRICT_PROTOTYPES = YES;
				CLANG_WARN_SUSPICIOUS_MOVE = YES;
				CLANG_WARN_UNGUARDED_AVAILABILITY = YES_AGGRESSIVE;
				CLANG_WARN_UNREACHABLE_CODE = YES;
				CLANG_WARN__DUPLICATE_METHOD_MATCH = YES;
				COPY_PHASE_STRIP = NO;
				DEBUG_INFORMATION_FORMAT = dwarf;
				ENABLE_STRICT_OBJC_MSGSEND = YES;
				ENABLE_TESTABILITY = YES;
				GCC_C_LANGUAGE_STANDARD = gnu11;
				GCC_DYNAMIC_NO_PIC = NO;
				GCC_NO_COMMON_BLOCKS = YES;
				GCC_OPTIMIZATION_LEVEL = 0;
				GCC_PREPROCESSOR_DEFINITIONS = (
					"DEBUG=1",
					"$(inherited)",
				);
				GCC_WARN_64_TO_32_BIT_CONVERSION = YES;
				GCC_WARN_ABOUT_RETURN_TYPE = YES_ERROR;
				GCC_WARN_UNDECLARED_SELECTOR = YES;
				GCC_WARN_UNINITIALIZED_AUTOS = YES_AGGRESSIVE;
				GCC_WARN_UNUSED_FUNCTION = YES;
				GCC_WARN_UNUSED_VARIABLE = YES;
				MTL_ENABLE_DEBUG_INFO = INCLUDE_SOURCE;
				MTL_FAST_MATH = YES;
				ONLY_ACTIVE_ARCH = YES;
				SWIFT_ACTIVE_COMPILATION_CONDITIONS = DEBUG;
				SWIFT_OPTIMIZATION_LEVEL = "-Onone";
			};
			name = Debug;
		};
		88E5C05127DCF3BB00FB6BCC /* Release */ = {
			isa = XCBuildConfiguration;
			buildSettings = {
				ALWAYS_SEARCH_USER_PATHS = NO;
				CLANG_ANALYZER_NONNULL = YES;
				CLANG_ANALYZER_NUMBER_OBJECT_CONVERSION = YES_AGGRESSIVE;
				CLANG_CXX_LANGUAGE_STANDARD = "gnu++17";
				CLANG_CXX_LIBRARY = "libc++";
				CLANG_ENABLE_MODULES = YES;
				CLANG_ENABLE_OBJC_ARC = YES;
				CLANG_ENABLE_OBJC_WEAK = YES;
				CLANG_WARN_BLOCK_CAPTURE_AUTORELEASING = YES;
				CLANG_WARN_BOOL_CONVERSION = YES;
				CLANG_WARN_COMMA = YES;
				CLANG_WARN_CONSTANT_CONVERSION = YES;
				CLANG_WARN_DEPRECATED_OBJC_IMPLEMENTATIONS = YES;
				CLANG_WARN_DIRECT_OBJC_ISA_USAGE = YES_ERROR;
				CLANG_WARN_DOCUMENTATION_COMMENTS = YES;
				CLANG_WARN_EMPTY_BODY = YES;
				CLANG_WARN_ENUM_CONVERSION = YES;
				CLANG_WARN_INFINITE_RECURSION = YES;
				CLANG_WARN_INT_CONVERSION = YES;
				CLANG_WARN_NON_LITERAL_NULL_CONVERSION = YES;
				CLANG_WARN_OBJC_IMPLICIT_RETAIN_SELF = YES;
				CLANG_WARN_OBJC_LITERAL_CONVERSION = YES;
				CLANG_WARN_OBJC_ROOT_CLASS = YES_ERROR;
				CLANG_WARN_QUOTED_INCLUDE_IN_FRAMEWORK_HEADER = YES;
				CLANG_WARN_RANGE_LOOP_ANALYSIS = YES;
				CLANG_WARN_STRICT_PROTOTYPES = YES;
				CLANG_WARN_SUSPICIOUS_MOVE = YES;
				CLANG_WARN_UNGUARDED_AVAILABILITY = YES_AGGRESSIVE;
				CLANG_WARN_UNREACHABLE_CODE = YES;
				CLANG_WARN__DUPLICATE_METHOD_MATCH = YES;
				COPY_PHASE_STRIP = NO;
				DEBUG_INFORMATION_FORMAT = "dwarf-with-dsym";
				ENABLE_NS_ASSERTIONS = NO;
				ENABLE_STRICT_OBJC_MSGSEND = YES;
				GCC_C_LANGUAGE_STANDARD = gnu11;
				GCC_NO_COMMON_BLOCKS = YES;
				GCC_WARN_64_TO_32_BIT_CONVERSION = YES;
				GCC_WARN_ABOUT_RETURN_TYPE = YES_ERROR;
				GCC_WARN_UNDECLARED_SELECTOR = YES;
				GCC_WARN_UNINITIALIZED_AUTOS = YES_AGGRESSIVE;
				GCC_WARN_UNUSED_FUNCTION = YES;
				GCC_WARN_UNUSED_VARIABLE = YES;
				MTL_ENABLE_DEBUG_INFO = NO;
				MTL_FAST_MATH = YES;
				SWIFT_COMPILATION_MODE = wholemodule;
				SWIFT_OPTIMIZATION_LEVEL = "-O";
			};
			name = Release;
		};
		88E5C05327DCF3BB00FB6BCC /* Debug */ = {
			isa = XCBuildConfiguration;
			buildSettings = {
				ASSETCATALOG_COMPILER_APPICON_NAME = AppIcon;
				ASSETCATALOG_COMPILER_GLOBAL_ACCENT_COLOR_NAME = AccentColor;
				CODE_SIGN_STYLE = Automatic;
				CURRENT_PROJECT_VERSION = 1;
				DEVELOPMENT_TEAM = 2UTH99GSB7;
				ENABLE_PREVIEWS = YES;
				GENERATE_INFOPLIST_FILE = YES;
				INFOPLIST_KEY_UIApplicationSceneManifest_Generation = YES;
				INFOPLIST_KEY_UIApplicationSupportsIndirectInputEvents = YES;
				INFOPLIST_KEY_UILaunchScreen_Generation = YES;
				INFOPLIST_KEY_UISupportedInterfaceOrientations_iPad = "UIInterfaceOrientationPortrait UIInterfaceOrientationPortraitUpsideDown UIInterfaceOrientationLandscapeLeft UIInterfaceOrientationLandscapeRight";
				INFOPLIST_KEY_UISupportedInterfaceOrientations_iPhone = "UIInterfaceOrientationPortrait UIInterfaceOrientationLandscapeLeft UIInterfaceOrientationLandscapeRight";
				IPHONEOS_DEPLOYMENT_TARGET = 15.2;
				LD_RUNPATH_SEARCH_PATHS = (
					"$(inherited)",
					"@executable_path/Frameworks",
				);
				MARKETING_VERSION = 1.0;
				PRODUCT_BUNDLE_IDENTIFIER = com.ebookfrenzy.ViewControllerDemo;
				PRODUCT_NAME = ViewControllerDemo;
				SDKROOT = iphoneos;
				SWIFT_EMIT_LOC_STRINGS = YES;
				SWIFT_VERSION = 5.0;
				TARGETED_DEVICE_FAMILY = "1,2";
			};
			name = Debug;
		};
		88E5C05427DCF3BB00FB6BCC /* Release */ = {
			isa = XCBuildConfiguration;
			buildSettings = {
				ASSETCATALOG_COMPILER_APPICON_NAME = AppIcon;
				ASSETCATALOG_COMPILER_GLOBAL_ACCENT_COLOR_NAME = AccentColor;
				CODE_SIGN_STYLE = Automatic;
				CURRENT_PROJECT_VERSION = 1;
				DEVELOPMENT_TEAM = 2UTH99GSB7;
				ENABLE_PREVIEWS = YES;
				GENERATE_INFOPLIST_FILE = YES;
				INFOPLIST_KEY_UIApplicationSceneManifest_Generation = YES;
				INFOPLIST_KEY_UIApplicationSupportsIndirectInputEvents = YES;
				INFOPLIST_KEY_UILaunchScreen_Generation = YES;
				INFOPLIST_KEY_UISupportedInterfaceOrientations_iPad = "UIInterfaceOrientationPortrait UIInterfaceOrientationPortraitUpsideDown UIInterfaceOrientationLandscapeLeft UIInterfaceOrientationLandscapeRight";
				INFOPLIST_KEY_UISupportedInterfaceOrientations_iPhone = "UIInterfaceOrientationPortrait UIInterfaceOrientationLandscapeLeft UIInterfaceOrientationLandscapeRight";
				IPHONEOS_DEPLOYMENT_TARGET = 15.2;
				LD_RUNPATH_SEARCH_PATHS = (
					"$(inherited)",
					"@executable_path/Frameworks",
				);
				MARKETING_VERSION = 1.0;
				PRODUCT_BUNDLE_IDENTIFIER = com.ebookfrenzy.ViewControllerDemo;
				PRODUCT_NAME = ViewControllerDemo;
				SDKROOT = iphoneos;
				SWIFT_EMIT_LOC_STRINGS = YES;
				SWIFT_VERSION = 5.0;
				TARGETED_DEVICE_FAMILY = "1,2";
				VALIDATE_PRODUCT = YES;
			};
			name = Release;
		};
		88E5C05627DCF3BB00FB6BCC /* Debug */ = {
			isa = XCBuildConfiguration;
			buildSettings = {
				ASSETCATALOG_COMPILER_APPICON_NAME = AppIcon;
				ASSETCATALOG_COMPILER_GLOBAL_ACCENT_COLOR_NAME = AccentColor;
				CODE_SIGN_ENTITLEMENTS = macOS/macOS.entitlements;
				CODE_SIGN_STYLE = Automatic;
				COMBINE_HIDPI_IMAGES = YES;
				CURRENT_PROJECT_VERSION = 1;
				DEVELOPMENT_TEAM = 2UTH99GSB7;
				ENABLE_HARDENED_RUNTIME = YES;
				ENABLE_PREVIEWS = YES;
				GENERATE_INFOPLIST_FILE = YES;
				INFOPLIST_KEY_NSHumanReadableCopyright = "";
				LD_RUNPATH_SEARCH_PATHS = (
					"$(inherited)",
					"@executable_path/../Frameworks",
				);
				MACOSX_DEPLOYMENT_TARGET = 12.1;
				MARKETING_VERSION = 1.0;
				PRODUCT_BUNDLE_IDENTIFIER = com.ebookfrenzy.ViewControllerDemo;
				PRODUCT_NAME = ViewControllerDemo;
				SDKROOT = macosx;
				SWIFT_EMIT_LOC_STRINGS = YES;
				SWIFT_VERSION = 5.0;
			};
			name = Debug;
		};
		88E5C05727DCF3BB00FB6BCC /* Release */ = {
			isa = XCBuildConfiguration;
			buildSettings = {
				ASSETCATALOG_COMPILER_APPICON_NAME = AppIcon;
				ASSETCATALOG_COMPILER_GLOBAL_ACCENT_COLOR_NAME = AccentColor;
				CODE_SIGN_ENTITLEMENTS = macOS/macOS.entitlements;
				CODE_SIGN_STYLE = Automatic;
				COMBINE_HIDPI_IMAGES = YES;
				CURRENT_PROJECT_VERSION = 1;
				DEVELOPMENT_TEAM = 2UTH99GSB7;
				ENABLE_HARDENED_RUNTIME = YES;
				ENABLE_PREVIEWS = YES;
				GENERATE_INFOPLIST_FILE = YES;
				INFOPLIST_KEY_NSHumanReadableCopyright = "";
				LD_RUNPATH_SEARCH_PATHS = (
					"$(inherited)",
					"@executable_path/../Frameworks",
				);
				MACOSX_DEPLOYMENT_TARGET = 12.1;
				MARKETING_VERSION = 1.0;
				PRODUCT_BUNDLE_IDENTIFIER = com.ebookfrenzy.ViewControllerDemo;
				PRODUCT_NAME = ViewControllerDemo;
				SDKROOT = macosx;
				SWIFT_EMIT_LOC_STRINGS = YES;
				SWIFT_VERSION = 5.0;
			};
			name = Release;
		};
/* End XCBuildConfiguration section */

/* Begin XCConfigurationList section */
		88E5C03827DCF3B900FB6BCC /* Build configuration list for PBXProject "ViewControllerDemo" */ = {
			isa = XCConfigurationList;
			buildConfigurations = (
				88E5C05027DCF3BB00FB6BCC /* Debug */,
				88E5C05127DCF3BB00FB6BCC /* Release */,
			);
			defaultConfigurationIsVisible = 0;
			defaultConfigurationName = Release;
		};
		88E5C05227DCF3BB00FB6BCC /* Build configuration list for PBXNativeTarget "ViewControllerDemo (iOS)" */ = {
			isa = XCConfigurationList;
			buildConfigurations = (
				88E5C05327DCF3BB00FB6BCC /* Debug */,
				88E5C05427DCF3BB00FB6BCC /* Release */,
			);
			defaultConfigurationIsVisible = 0;
			defaultConfigurationName = Release;
		};
		88E5C05527DCF3BB00FB6BCC /* Build configuration list for PBXNativeTarget "ViewControllerDemo (macOS)" */ = {
			isa = XCConfigurationList;
			buildConfigurations = (
				88E5C05627DCF3BB00FB6BCC /* Debug */,
				88E5C05727DCF3BB00FB6BCC /* Release */,
			);
			defaultConfigurationIsVisible = 0;
			defaultConfigurationName = Release;
		};
/* End XCConfigurationList section */
	};
	rootObject = 88E5C03527DCF3B900FB6BCC /* Project object */;
}
