// !$*UTF8*$!
{
	archiveVersion = 1;
	classes = {
	};
	objectVersion = 55;
	objects = {

/* Begin PBXBuildFile section */
		88E5C12B27DE56BA00FB6BCC /* SiriDemoApp.swift in Sources */ = {isa = PBXBuildFile; fileRef = 88E5C11B27DE56B800FB6BCC /* SiriDemoApp.swift */; };
		88E5C12C27DE56BA00FB6BCC /* SiriDemoApp.swift in Sources */ = {isa = PBXBuildFile; fileRef = 88E5C11B27DE56B800FB6BCC /* SiriDemoApp.swift */; };
		88E5C12D27DE56BA00FB6BCC /* ContentView.swift in Sources */ = {isa = PBXBuildFile; fileRef = 88E5C11C27DE56B800FB6BCC /* ContentView.swift */; };
		88E5C12E27DE56BA00FB6BCC /* ContentView.swift in Sources */ = {isa = PBXBuildFile; fileRef = 88E5C11C27DE56B800FB6BCC /* ContentView.swift */; };
		88E5C12F27DE56BA00FB6BCC /* Assets.xcassets in Resources */ = {isa = PBXBuildFile; fileRef = 88E5C11D27DE56BA00FB6BCC /* Assets.xcassets */; };
		88E5C13027DE56BA00FB6BCC /* Assets.xcassets in Resources */ = {isa = PBXBuildFile; fileRef = 88E5C11D27DE56BA00FB6BCC /* Assets.xcassets */; };
		88E5C14127DE5C3800FB6BCC /* Intents.framework in Frameworks */ = {isa = PBXBuildFile; fileRef = 88E5C14027DE5C3700FB6BCC /* Intents.framework */; platformFilter = maccatalyst; };
		88E5C14427DE5C3800FB6BCC /* IntentHandler.swift in Sources */ = {isa = PBXBuildFile; fileRef = 88E5C14327DE5C3800FB6BCC /* IntentHandler.swift */; };
		88E5C14827DE5C3800FB6BCC /* SiriDemoIntent.appex in Embed App Extensions */ = {isa = PBXBuildFile; fileRef = 88E5C13E27DE5C3700FB6BCC /* SiriDemoIntent.appex */; settings = {ATTRIBUTES = (RemoveHeadersOnCopy, ); }; };
/* End PBXBuildFile section */

/* Begin PBXContainerItemProxy section */
		88E5C14627DE5C3800FB6BCC /* PBXContainerItemProxy */ = {
			isa = PBXContainerItemProxy;
			containerPortal = 88E5C11627DE56B700FB6BCC /* Project object */;
			proxyType = 1;
			remoteGlobalIDString = 88E5C13D27DE5C3700FB6BCC;
			remoteInfo = SiriDemoIntent;
		};
/* End PBXContainerItemProxy section */

/* Begin PBXCopyFilesBuildPhase section */
		88E5C14C27DE5C3800FB6BCC /* Embed App Extensions */ = {
			isa = PBXCopyFilesBuildPhase;
			buildActionMask = 2147483647;
			dstPath = "";
			dstSubfolderSpec = 13;
			files = (
				88E5C14827DE5C3800FB6BCC /* SiriDemoIntent.appex in Embed App Extensions */,
			);
			name = "Embed App Extensions";
			runOnlyForDeploymentPostprocessing = 0;
		};
/* End PBXCopyFilesBuildPhase section */

/* Begin PBXFileReference section */
		88E5C11B27DE56B800FB6BCC /* SiriDemoApp.swift */ = {isa = PBXFileReference; lastKnownFileType = sourcecode.swift; path = SiriDemoApp.swift; sourceTree = "<group>"; };
		88E5C11C27DE56B800FB6BCC /* ContentView.swift */ = {isa = PBXFileReference; lastKnownFileType = sourcecode.swift; path = ContentView.swift; sourceTree = "<group>"; };
		88E5C11D27DE56BA00FB6BCC /* Assets.xcassets */ = {isa = PBXFileReference; lastKnownFileType = folder.assetcatalog; path = Assets.xcassets; sourceTree = "<group>"; };
		88E5C12227DE56BA00FB6BCC /* SiriDemo.app */ = {isa = PBXFileReference; explicitFileType = wrapper.application; includeInIndex = 0; path = SiriDemo.app; sourceTree = BUILT_PRODUCTS_DIR; };
		88E5C12827DE56BA00FB6BCC /* SiriDemo.app */ = {isa = PBXFileReference; explicitFileType = wrapper.application; includeInIndex = 0; path = SiriDemo.app; sourceTree = BUILT_PRODUCTS_DIR; };
		88E5C12A27DE56BA00FB6BCC /* macOS.entitlements */ = {isa = PBXFileReference; lastKnownFileType = text.plist.entitlements; path = macOS.entitlements; sourceTree = "<group>"; };
		88E5C13927DE5A0000FB6BCC /* SiriDemo (iOS).entitlements */ = {isa = PBXFileReference; lastKnownFileType = text.plist.entitlements; path = "SiriDemo (iOS).entitlements"; sourceTree = "<group>"; };
		88E5C13E27DE5C3700FB6BCC /* SiriDemoIntent.appex */ = {isa = PBXFileReference; explicitFileType = "wrapper.app-extension"; includeInIndex = 0; path = SiriDemoIntent.appex; sourceTree = BUILT_PRODUCTS_DIR; };
		88E5C14027DE5C3700FB6BCC /* Intents.framework */ = {isa = PBXFileReference; lastKnownFileType = wrapper.framework; name = Intents.framework; path = System/Library/Frameworks/Intents.framework; sourceTree = SDKROOT; };
		88E5C14327DE5C3800FB6BCC /* IntentHandler.swift */ = {isa = PBXFileReference; lastKnownFileType = sourcecode.swift; path = IntentHandler.swift; sourceTree = "<group>"; };
		88E5C14527DE5C3800FB6BCC /* Info.plist */ = {isa = PBXFileReference; lastKnownFileType = text.plist.xml; path = Info.plist; sourceTree = "<group>"; };
		88E5C14D27DE5E7A00FB6BCC /* SiriDemo--iOS--Info.plist */ = {isa = PBXFileReference; lastKnownFileType = text.plist; path = "SiriDemo--iOS--Info.plist"; sourceTree = "<group>"; };
/* End PBXFileReference section */

/* Begin PBXFrameworksBuildPhase section */
		88E5C11F27DE56BA00FB6BCC /* Frameworks */ = {
			isa = PBXFrameworksBuildPhase;
			buildActionMask = 2147483647;
			files = (
			);
			runOnlyForDeploymentPostprocessing = 0;
		};
		88E5C12527DE56BA00FB6BCC /* Frameworks */ = {
			isa = PBXFrameworksBuildPhase;
			buildActionMask = 2147483647;
			files = (
			);
			runOnlyForDeploymentPostprocessing = 0;
		};
		88E5C13B27DE5C3700FB6BCC /* Frameworks */ = {
			isa = PBXFrameworksBuildPhase;
			buildActionMask = 2147483647;
			files = (
				88E5C14127DE5C3800FB6BCC /* Intents.framework in Frameworks */,
			);
			runOnlyForDeploymentPostprocessing = 0;
		};
/* End PBXFrameworksBuildPhase section */

/* Begin PBXGroup section */
		88E5C11527DE56B700FB6BCC = {
			isa = PBXGroup;
			children = (
				88E5C14D27DE5E7A00FB6BCC /* SiriDemo--iOS--Info.plist */,
				88E5C13927DE5A0000FB6BCC /* SiriDemo (iOS).entitlements */,
				88E5C11A27DE56B800FB6BCC /* Shared */,
				88E5C12927DE56BA00FB6BCC /* macOS */,
				88E5C14227DE5C3800FB6BCC /* SiriDemoIntent */,
				88E5C13F27DE5C3700FB6BCC /* Frameworks */,
				88E5C12327DE56BA00FB6BCC /* Products */,
			);
			sourceTree = "<group>";
		};
		88E5C11A27DE56B800FB6BCC /* Shared */ = {
			isa = PBXGroup;
			children = (
				88E5C11B27DE56B800FB6BCC /* SiriDemoApp.swift */,
				88E5C11C27DE56B800FB6BCC /* ContentView.swift */,
				88E5C11D27DE56BA00FB6BCC /* Assets.xcassets */,
			);
			path = Shared;
			sourceTree = "<group>";
		};
		88E5C12327DE56BA00FB6BCC /* Products */ = {
			isa = PBXGroup;
			children = (
				88E5C12227DE56BA00FB6BCC /* SiriDemo.app */,
				88E5C12827DE56BA00FB6BCC /* SiriDemo.app */,
				88E5C13E27DE5C3700FB6BCC /* SiriDemoIntent.appex */,
			);
			name = Products;
			sourceTree = "<group>";
		};
		88E5C12927DE56BA00FB6BCC /* macOS */ = {
			isa = PBXGroup;
			children = (
				88E5C12A27DE56BA00FB6BCC /* macOS.entitlements */,
			);
			path = macOS;
			sourceTree = "<group>";
		};
		88E5C13F27DE5C3700FB6BCC /* Frameworks */ = {
			isa = PBXGroup;
			children = (
				88E5C14027DE5C3700FB6BCC /* Intents.framework */,
			);
			name = Frameworks;
			sourceTree = "<group>";
		};
		88E5C14227DE5C3800FB6BCC /* SiriDemoIntent */ = {
			isa = PBXGroup;
			children = (
				88E5C14327DE5C3800FB6BCC /* IntentHandler.swift */,
				88E5C14527DE5C3800FB6BCC /* Info.plist */,
			);
			path = SiriDemoIntent;
			sourceTree = "<group>";
		};
/* End PBXGroup section */

/* Begin PBXNativeTarget section */
		88E5C12127DE56BA00FB6BCC /* SiriDemo (iOS) */ = {
			isa = PBXNativeTarget;
			buildConfigurationList = 88E5C13327DE56BA00FB6BCC /* Build configuration list for PBXNativeTarget "SiriDemo (iOS)" */;
			buildPhases = (
				88E5C11E27DE56BA00FB6BCC /* Sources */,
				88E5C11F27DE56BA00FB6BCC /* Frameworks */,
				88E5C12027DE56BA00FB6BCC /* Resources */,
				88E5C14C27DE5C3800FB6BCC /* Embed App Extensions */,
			);
			buildRules = (
			);
			dependencies = (
				88E5C14727DE5C3800FB6BCC /* PBXTargetDependency */,
			);
			name = "SiriDemo (iOS)";
			productName = "SiriDemo (iOS)";
			productReference = 88E5C12227DE56BA00FB6BCC /* SiriDemo.app */;
			productType = "com.apple.product-type.application";
		};
		88E5C12727DE56BA00FB6BCC /* SiriDemo (macOS) */ = {
			isa = PBXNativeTarget;
			buildConfigurationList = 88E5C13627DE56BA00FB6BCC /* Build configuration list for PBXNativeTarget "SiriDemo (macOS)" */;
			buildPhases = (
				88E5C12427DE56BA00FB6BCC /* Sources */,
				88E5C12527DE56BA00FB6BCC /* Frameworks */,
				88E5C12627DE56BA00FB6BCC /* Resources */,
			);
			buildRules = (
			);
			dependencies = (
			);
			name = "SiriDemo (macOS)";
			productName = "SiriDemo (macOS)";
			productReference = 88E5C12827DE56BA00FB6BCC /* SiriDemo.app */;
			productType = "com.apple.product-type.application";
		};
		88E5C13D27DE5C3700FB6BCC /* SiriDemoIntent */ = {
			isa = PBXNativeTarget;
			buildConfigurationList = 88E5C14927DE5C3800FB6BCC /* Build configuration list for PBXNativeTarget "SiriDemoIntent" */;
			buildPhases = (
				88E5C13A27DE5C3700FB6BCC /* Sources */,
				88E5C13B27DE5C3700FB6BCC /* Frameworks */,
				88E5C13C27DE5C3700FB6BCC /* Resources */,
			);
			buildRules = (
			);
			dependencies = (
			);
			name = SiriDemoIntent;
			productName = SiriDemoIntent;
			productReference = 88E5C13E27DE5C3700FB6BCC /* SiriDemoIntent.appex */;
			productType = "com.apple.product-type.app-extension";
		};
/* End PBXNativeTarget section */

/* Begin PBXProject section */
		88E5C11627DE56B700FB6BCC /* Project object */ = {
			isa = PBXProject;
			attributes = {
				BuildIndependentTargetsInParallel = 1;
				LastSwiftUpdateCheck = 1320;
				LastUpgradeCheck = 1320;
				TargetAttributes = {
					88E5C12127DE56BA00FB6BCC = {
						CreatedOnToolsVersion = 13.2.1;
					};
					88E5C12727DE56BA00FB6BCC = {
						CreatedOnToolsVersion = 13.2.1;
					};
					88E5C13D27DE5C3700FB6BCC = {
						CreatedOnToolsVersion = 13.2.1;
					};
				};
			};
			buildConfigurationList = 88E5C11927DE56B700FB6BCC /* Build configuration list for PBXProject "SiriDemo" */;
			compatibilityVersion = "Xcode 13.0";
			developmentRegion = en;
			hasScannedForEncodings = 0;
			knownRegions = (
				en,
				Base,
			);
			mainGroup = 88E5C11527DE56B700FB6BCC;
			productRefGroup = 88E5C12327DE56BA00FB6BCC /* Products */;
			projectDirPath = "";
			projectRoot = "";
			targets = (
				88E5C12127DE56BA00FB6BCC /* SiriDemo (iOS) */,
				88E5C12727DE56BA00FB6BCC /* SiriDemo (macOS) */,
				88E5C13D27DE5C3700FB6BCC /* SiriDemoIntent */,
			);
		};
/* End PBXProject section */

/* Begin PBXResourcesBuildPhase section */
		88E5C12027DE56BA00FB6BCC /* Resources */ = {
			isa = PBXResourcesBuildPhase;
			buildActionMask = 2147483647;
			files = (
				88E5C12F27DE56BA00FB6BCC /* Assets.xcassets in Resources */,
			);
			runOnlyForDeploymentPostprocessing = 0;
		};
		88E5C12627DE56BA00FB6BCC /* Resources */ = {
			isa = PBXResourcesBuildPhase;
			buildActionMask = 2147483647;
			files = (
				88E5C13027DE56BA00FB6BCC /* Assets.xcassets in Resources */,
			);
			runOnlyForDeploymentPostprocessing = 0;
		};
		88E5C13C27DE5C3700FB6BCC /* Resources */ = {
			isa = PBXResourcesBuildPhase;
			buildActionMask = 2147483647;
			files = (
			);
			runOnlyForDeploymentPostprocessing = 0;
		};
/* End PBXResourcesBuildPhase section */

/* Begin PBXSourcesBuildPhase section */
		88E5C11E27DE56BA00FB6BCC /* Sources */ = {
			isa = PBXSourcesBuildPhase;
			buildActionMask = 2147483647;
			files = (
				88E5C12D27DE56BA00FB6BCC /* ContentView.swift in Sources */,
				88E5C12B27DE56BA00FB6BCC /* SiriDemoApp.swift in Sources */,
			);
			runOnlyForDeploymentPostprocessing = 0;
		};
		88E5C12427DE56BA00FB6BCC /* Sources */ = {
			isa = PBXSourcesBuildPhase;
			buildActionMask = 2147483647;
			files = (
				88E5C12E27DE56BA00FB6BCC /* ContentView.swift in Sources */,
				88E5C12C27DE56BA00FB6BCC /* SiriDemoApp.swift in Sources */,
			);
			runOnlyForDeploymentPostprocessing = 0;
		};
		88E5C13A27DE5C3700FB6BCC /* Sources */ = {
			isa = PBXSourcesBuildPhase;
			buildActionMask = 2147483647;
			files = (
				88E5C14427DE5C3800FB6BCC /* IntentHandler.swift in Sources */,
			);
			runOnlyForDeploymentPostprocessing = 0;
		};
/* End PBXSourcesBuildPhase section */

/* Begin PBXTargetDependency section */
		88E5C14727DE5C3800FB6BCC /* PBXTargetDependency */ = {
			isa = PBXTargetDependency;
			target = 88E5C13D27DE5C3700FB6BCC /* SiriDemoIntent */;
			targetProxy = 88E5C14627DE5C3800FB6BCC /* PBXContainerItemProxy */;
		};
/* End PBXTargetDependency section */

/* Begin XCBuildConfiguration section */
		88E5C13127DE56BA00FB6BCC /* Debug */ = {
			isa = XCBuildConfiguration;
			buildSettings = {
				ALWAYS_SEARCH_USER_PATHS = NO;
				CLANG_ANALYZER_NONNULL = YES;
				CLANG_ANALYZER_NUMBER_OBJECT_CONVERSION = YES_AGGRESSIVE;
				CLANG_CXX_LANGUAGE_STANDARD = "gnu++17";
				CLANG_CXX_LIBRARY = "libc++";
				CLANG_ENABLE_MODULES = YES;
				CLANG_ENABLE_OBJC_ARC = YES;
				CLANG_ENABLE_OBJC_WEAK = YES;
				CLANG_WARN_BLOCK_CAPTURE_AUTORELEASING = YES;
				CLANG_WARN_BOOL_CONVERSION = YES;
				CLANG_WARN_COMMA = YES;
				CLANG_WARN_CONSTANT_CONVERSION = YES;
				CLANG_WARN_DEPRECATED_OBJC_IMPLEMENTATIONS = YES;
				CLANG_WARN_DIRECT_OBJC_ISA_USAGE = YES_ERROR;
				CLANG_WARN_DOCUMENTATION_COMMENTS = YES;
				CLANG_WARN_EMPTY_BODY = YES;
				CLANG_WARN_ENUM_CONVERSION = YES;
				CLANG_WARN_INFINITE_RECURSION = YES;
				CLANG_WARN_INT_CONVERSION = YES;
				CLANG_WARN_NON_LITERAL_NULL_CONVERSION = YES;
				CLANG_WARN_OBJC_IMPLICIT_RETAIN_SELF = YES;
				CLANG_WARN_OBJC_LITERAL_CONVERSION = YES;
				CLANG_WARN_OBJC_ROOT_CLASS = YES_ERROR;
				CLANG_WARN_QUOTED_INCLUDE_IN_FRAMEWORK_HEADER = YES;
				CLANG_WARN_RANGE_LOOP_ANALYSIS = YES;
				CLANG_WARN_STRICT_PROTOTYPES = YES;
				CLANG_WARN_SUSPICIOUS_MOVE = YES;
				CLANG_WARN_UNGUARDED_AVAILABILITY = YES_AGGRESSIVE;
				CLANG_WARN_UNREACHABLE_CODE = YES;
				CLANG_WARN__DUPLICATE_METHOD_MATCH = YES;
				COPY_PHASE_STRIP = NO;
				DEBUG_INFORMATION_FORMAT = dwarf;
				ENABLE_STRICT_OBJC_MSGSEND = YES;
				ENABLE_TESTABILITY = YES;
				GCC_C_LANGUAGE_STANDARD = gnu11;
				GCC_DYNAMIC_NO_PIC = NO;
				GCC_NO_COMMON_BLOCKS = YES;
				GCC_OPTIMIZATION_LEVEL = 0;
				GCC_PREPROCESSOR_DEFINITIONS = (
					"DEBUG=1",
					"$(inherited)",
				);
				GCC_WARN_64_TO_32_BIT_CONVERSION = YES;
				GCC_WARN_ABOUT_RETURN_TYPE = YES_ERROR;
				GCC_WARN_UNDECLARED_SELECTOR = YES;
				GCC_WARN_UNINITIALIZED_AUTOS = YES_AGGRESSIVE;
				GCC_WARN_UNUSED_FUNCTION = YES;
				GCC_WARN_UNUSED_VARIABLE = YES;
				MTL_ENABLE_DEBUG_INFO = INCLUDE_SOURCE;
				MTL_FAST_MATH = YES;
				ONLY_ACTIVE_ARCH = YES;
				SWIFT_ACTIVE_COMPILATION_CONDITIONS = DEBUG;
				SWIFT_OPTIMIZATION_LEVEL = "-Onone";
			};
			name = Debug;
		};
		88E5C13227DE56BA00FB6BCC /* Release */ = {
			isa = XCBuildConfiguration;
			buildSettings = {
				ALWAYS_SEARCH_USER_PATHS = NO;
				CLANG_ANALYZER_NONNULL = YES;
				CLANG_ANALYZER_NUMBER_OBJECT_CONVERSION = YES_AGGRESSIVE;
				CLANG_CXX_LANGUAGE_STANDARD = "gnu++17";
				CLANG_CXX_LIBRARY = "libc++";
				CLANG_ENABLE_MODULES = YES;
				CLANG_ENABLE_OBJC_ARC = YES;
				CLANG_ENABLE_OBJC_WEAK = YES;
				CLANG_WARN_BLOCK_CAPTURE_AUTORELEASING = YES;
				CLANG_WARN_BOOL_CONVERSION = YES;
				CLANG_WARN_COMMA = YES;
				CLANG_WARN_CONSTANT_CONVERSION = YES;
				CLANG_WARN_DEPRECATED_OBJC_IMPLEMENTATIONS = YES;
				CLANG_WARN_DIRECT_OBJC_ISA_USAGE = YES_ERROR;
				CLANG_WARN_DOCUMENTATION_COMMENTS = YES;
				CLANG_WARN_EMPTY_BODY = YES;
				CLANG_WARN_ENUM_CONVERSION = YES;
				CLANG_WARN_INFINITE_RECURSION = YES;
				CLANG_WARN_INT_CONVERSION = YES;
				CLANG_WARN_NON_LITERAL_NULL_CONVERSION = YES;
				CLANG_WARN_OBJC_IMPLICIT_RETAIN_SELF = YES;
				CLANG_WARN_OBJC_LITERAL_CONVERSION = YES;
				CLANG_WARN_OBJC_ROOT_CLASS = YES_ERROR;
				CLANG_WARN_QUOTED_INCLUDE_IN_FRAMEWORK_HEADER = YES;
				CLANG_WARN_RANGE_LOOP_ANALYSIS = YES;
				CLANG_WARN_STRICT_PROTOTYPES = YES;
				CLANG_WARN_SUSPICIOUS_MOVE = YES;
				CLANG_WARN_UNGUARDED_AVAILABILITY = YES_AGGRESSIVE;
				CLANG_WARN_UNREACHABLE_CODE = YES;
				CLANG_WARN__DUPLICATE_METHOD_MATCH = YES;
				COPY_PHASE_STRIP = NO;
				DEBUG_INFORMATION_FORMAT = "dwarf-with-dsym";
				ENABLE_NS_ASSERTIONS = NO;
				ENABLE_STRICT_OBJC_MSGSEND = YES;
				GCC_C_LANGUAGE_STANDARD = gnu11;
				GCC_NO_COMMON_BLOCKS = YES;
				GCC_WARN_64_TO_32_BIT_CONVERSION = YES;
				GCC_WARN_ABOUT_RETURN_TYPE = YES_ERROR;
				GCC_WARN_UNDECLARED_SELECTOR = YES;
				GCC_WARN_UNINITIALIZED_AUTOS = YES_AGGRESSIVE;
				GCC_WARN_UNUSED_FUNCTION = YES;
				GCC_WARN_UNUSED_VARIABLE = YES;
				MTL_ENABLE_DEBUG_INFO = NO;
				MTL_FAST_MATH = YES;
				SWIFT_COMPILATION_MODE = wholemodule;
				SWIFT_OPTIMIZATION_LEVEL = "-O";
			};
			name = Release;
		};
		88E5C13427DE56BA00FB6BCC /* Debug */ = {
			isa = XCBuildConfiguration;
			buildSettings = {
				ALWAYS_EMBED_SWIFT_STANDARD_LIBRARIES = YES;
				ASSETCATALOG_COMPILER_APPICON_NAME = AppIcon;
				ASSETCATALOG_COMPILER_GLOBAL_ACCENT_COLOR_NAME = AccentColor;
				CODE_SIGN_ENTITLEMENTS = "SiriDemo (iOS).entitlements";
				CODE_SIGN_STYLE = Automatic;
				CURRENT_PROJECT_VERSION = 1;
				DEVELOPMENT_TEAM = 2UTH99GSB7;
				ENABLE_PREVIEWS = YES;
				GENERATE_INFOPLIST_FILE = YES;
				INFOPLIST_FILE = "SiriDemo--iOS--Info.plist";
				INFOPLIST_KEY_NSSiriUsageDescription = "Siri support is used to send and review messages.";
				INFOPLIST_KEY_UIApplicationSceneManifest_Generation = YES;
				INFOPLIST_KEY_UIApplicationSupportsIndirectInputEvents = YES;
				INFOPLIST_KEY_UILaunchScreen_Generation = YES;
				INFOPLIST_KEY_UISupportedInterfaceOrientations_iPad = "UIInterfaceOrientationPortrait UIInterfaceOrientationPortraitUpsideDown UIInterfaceOrientationLandscapeLeft UIInterfaceOrientationLandscapeRight";
				INFOPLIST_KEY_UISupportedInterfaceOrientations_iPhone = "UIInterfaceOrientationPortrait UIInterfaceOrientationLandscapeLeft UIInterfaceOrientationLandscapeRight";
				IPHONEOS_DEPLOYMENT_TARGET = 15.2;
				LD_RUNPATH_SEARCH_PATHS = (
					"$(inherited)",
					"@executable_path/Frameworks",
				);
				MARKETING_VERSION = 1.0;
				PRODUCT_BUNDLE_IDENTIFIER = com.ebookfrenzy.SiriDemo;
				PRODUCT_NAME = SiriDemo;
				SDKROOT = iphoneos;
				SWIFT_EMIT_LOC_STRINGS = YES;
				SWIFT_VERSION = 5.0;
				TARGETED_DEVICE_FAMILY = "1,2";
			};
			name = Debug;
		};
		88E5C13527DE56BA00FB6BCC /* Release */ = {
			isa = XCBuildConfiguration;
			buildSettings = {
				ALWAYS_EMBED_SWIFT_STANDARD_LIBRARIES = YES;
				ASSETCATALOG_COMPILER_APPICON_NAME = AppIcon;
				ASSETCATALOG_COMPILER_GLOBAL_ACCENT_COLOR_NAME = AccentColor;
				CODE_SIGN_ENTITLEMENTS = "SiriDemo (iOS).entitlements";
				CODE_SIGN_STYLE = Automatic;
				CURRENT_PROJECT_VERSION = 1;
				DEVELOPMENT_TEAM = 2UTH99GSB7;
				ENABLE_PREVIEWS = YES;
				GENERATE_INFOPLIST_FILE = YES;
				INFOPLIST_FILE = "SiriDemo--iOS--Info.plist";
				INFOPLIST_KEY_NSSiriUsageDescription = "Siri support is used to send and review messages.";
				INFOPLIST_KEY_UIApplicationSceneManifest_Generation = YES;
				INFOPLIST_KEY_UIApplicationSupportsIndirectInputEvents = YES;
				INFOPLIST_KEY_UILaunchScreen_Generation = YES;
				INFOPLIST_KEY_UISupportedInterfaceOrientations_iPad = "UIInterfaceOrientationPortrait UIInterfaceOrientationPortraitUpsideDown UIInterfaceOrientationLandscapeLeft UIInterfaceOrientationLandscapeRight";
				INFOPLIST_KEY_UISupportedInterfaceOrientations_iPhone = "UIInterfaceOrientationPortrait UIInterfaceOrientationLandscapeLeft UIInterfaceOrientationLandscapeRight";
				IPHONEOS_DEPLOYMENT_TARGET = 15.2;
				LD_RUNPATH_SEARCH_PATHS = (
					"$(inherited)",
					"@executable_path/Frameworks",
				);
				MARKETING_VERSION = 1.0;
				PRODUCT_BUNDLE_IDENTIFIER = com.ebookfrenzy.SiriDemo;
				PRODUCT_NAME = SiriDemo;
				SDKROOT = iphoneos;
				SWIFT_EMIT_LOC_STRINGS = YES;
				SWIFT_VERSION = 5.0;
				TARGETED_DEVICE_FAMILY = "1,2";
				VALIDATE_PRODUCT = YES;
			};
			name = Release;
		};
		88E5C13727DE56BA00FB6BCC /* Debug */ = {
			isa = XCBuildConfiguration;
			buildSettings = {
				ASSETCATALOG_COMPILER_APPICON_NAME = AppIcon;
				ASSETCATALOG_COMPILER_GLOBAL_ACCENT_COLOR_NAME = AccentColor;
				CODE_SIGN_ENTITLEMENTS = macOS/macOS.entitlements;
				CODE_SIGN_STYLE = Automatic;
				COMBINE_HIDPI_IMAGES = YES;
				CURRENT_PROJECT_VERSION = 1;
				DEVELOPMENT_TEAM = 2UTH99GSB7;
				ENABLE_HARDENED_RUNTIME = YES;
				ENABLE_PREVIEWS = YES;
				GENERATE_INFOPLIST_FILE = YES;
				INFOPLIST_KEY_NSHumanReadableCopyright = "";
				LD_RUNPATH_SEARCH_PATHS = (
					"$(inherited)",
					"@executable_path/../Frameworks",
				);
				MACOSX_DEPLOYMENT_TARGET = 12.1;
				MARKETING_VERSION = 1.0;
				PRODUCT_BUNDLE_IDENTIFIER = com.ebookfrenzy.SiriDemo;
				PRODUCT_NAME = SiriDemo;
				SDKROOT = macosx;
				SWIFT_EMIT_LOC_STRINGS = YES;
				SWIFT_VERSION = 5.0;
			};
			name = Debug;
		};
		88E5C13827DE56BA00FB6BCC /* Release */ = {
			isa = XCBuildConfiguration;
			buildSettings = {
				ASSETCATALOG_COMPILER_APPICON_NAME = AppIcon;
				ASSETCATALOG_COMPILER_GLOBAL_ACCENT_COLOR_NAME = AccentColor;
				CODE_SIGN_ENTITLEMENTS = macOS/macOS.entitlements;
				CODE_SIGN_STYLE = Automatic;
				COMBINE_HIDPI_IMAGES = YES;
				CURRENT_PROJECT_VERSION = 1;
				DEVELOPMENT_TEAM = 2UTH99GSB7;
				ENABLE_HARDENED_RUNTIME = YES;
				ENABLE_PREVIEWS = YES;
				GENERATE_INFOPLIST_FILE = YES;
				INFOPLIST_KEY_NSHumanReadableCopyright = "";
				LD_RUNPATH_SEARCH_PATHS = (
					"$(inherited)",
					"@executable_path/../Frameworks",
				);
				MACOSX_DEPLOYMENT_TARGET = 12.1;
				MARKETING_VERSION = 1.0;
				PRODUCT_BUNDLE_IDENTIFIER = com.ebookfrenzy.SiriDemo;
				PRODUCT_NAME = SiriDemo;
				SDKROOT = macosx;
				SWIFT_EMIT_LOC_STRINGS = YES;
				SWIFT_VERSION = 5.0;
			};
			name = Release;
		};
		88E5C14A27DE5C3800FB6BCC /* Debug */ = {
			isa = XCBuildConfiguration;
			buildSettings = {
				CODE_SIGN_STYLE = Automatic;
				CURRENT_PROJECT_VERSION = 1;
				DEVELOPMENT_TEAM = 2UTH99GSB7;
				GENERATE_INFOPLIST_FILE = YES;
				INFOPLIST_FILE = SiriDemoIntent/Info.plist;
				INFOPLIST_KEY_CFBundleDisplayName = SiriDemoIntent;
				INFOPLIST_KEY_NSHumanReadableCopyright = "";
				IPHONEOS_DEPLOYMENT_TARGET = 15.2;
				LD_RUNPATH_SEARCH_PATHS = (
					"$(inherited)",
					"@executable_path/Frameworks",
					"@executable_path/../../Frameworks",
				);
				MARKETING_VERSION = 1.0;
				PRODUCT_BUNDLE_IDENTIFIER = com.ebookfrenzy.SiriDemo.SiriDemoIntent;
				PRODUCT_NAME = "$(TARGET_NAME)";
				SDKROOT = iphoneos;
				SKIP_INSTALL = YES;
				SWIFT_EMIT_LOC_STRINGS = YES;
				SWIFT_VERSION = 5.0;
				TARGETED_DEVICE_FAMILY = "1,2";
			};
			name = Debug;
		};
		88E5C14B27DE5C3800FB6BCC /* Release */ = {
			isa = XCBuildConfiguration;
			buildSettings = {
				CODE_SIGN_STYLE = Automatic;
				CURRENT_PROJECT_VERSION = 1;
				DEVELOPMENT_TEAM = 2UTH99GSB7;
				GENERATE_INFOPLIST_FILE = YES;
				INFOPLIST_FILE = SiriDemoIntent/Info.plist;
				INFOPLIST_KEY_CFBundleDisplayName = SiriDemoIntent;
				INFOPLIST_KEY_NSHumanReadableCopyright = "";
				IPHONEOS_DEPLOYMENT_TARGET = 15.2;
				LD_RUNPATH_SEARCH_PATHS = (
					"$(inherited)",
					"@executable_path/Frameworks",
					"@executable_path/../../Frameworks",
				);
				MARKETING_VERSION = 1.0;
				PRODUCT_BUNDLE_IDENTIFIER = com.ebookfrenzy.SiriDemo.SiriDemoIntent;
				PRODUCT_NAME = "$(TARGET_NAME)";
				SDKROOT = iphoneos;
				SKIP_INSTALL = YES;
				SWIFT_EMIT_LOC_STRINGS = YES;
				SWIFT_VERSION = 5.0;
				TARGETED_DEVICE_FAMILY = "1,2";
				VALIDATE_PRODUCT = YES;
			};
			name = Release;
		};
/* End XCBuildConfiguration section */

/* Begin XCConfigurationList section */
		88E5C11927DE56B700FB6BCC /* Build configuration list for PBXProject "SiriDemo" */ = {
			isa = XCConfigurationList;
			buildConfigurations = (
				88E5C13127DE56BA00FB6BCC /* Debug */,
				88E5C13227DE56BA00FB6BCC /* Release */,
			);
			defaultConfigurationIsVisible = 0;
			defaultConfigurationName = Release;
		};
		88E5C13327DE56BA00FB6BCC /* Build configuration list for PBXNativeTarget "SiriDemo (iOS)" */ = {
			isa = XCConfigurationList;
			buildConfigurations = (
				88E5C13427DE56BA00FB6BCC /* Debug */,
				88E5C13527DE56BA00FB6BCC /* Release */,
			);
			defaultConfigurationIsVisible = 0;
			defaultConfigurationName = Release;
		};
		88E5C13627DE56BA00FB6BCC /* Build configuration list for PBXNativeTarget "SiriDemo (macOS)" */ = {
			isa = XCConfigurationList;
			buildConfigurations = (
				88E5C13727DE56BA00FB6BCC /* Debug */,
				88E5C13827DE56BA00FB6BCC /* Release */,
			);
			defaultConfigurationIsVisible = 0;
			defaultConfigurationName = Release;
		};
		88E5C14927DE5C3800FB6BCC /* Build configuration list for PBXNativeTarget "SiriDemoIntent" */ = {
			isa = XCConfigurationList;
			buildConfigurations = (
				88E5C14A27DE5C3800FB6BCC /* Debug */,
				88E5C14B27DE5C3800FB6BCC /* Release */,
			);
			defaultConfigurationIsVisible = 0;
			defaultConfigurationName = Release;
		};
/* End XCConfigurationList section */
	};
	rootObject = 88E5C11627DE56B700FB6BCC /* Project object */;
}
